{
  "name": "peerpay-simple-ui",
  "lockfileVersion": 3,
  "requires": true,
  "packages": {
    "": {
      "dependencies": {
        "@bsv/sdk": "^1.4.1"
      }
    },
    "node_modules/@bsv/sdk": {
      "version": "1.4.1",
      "resolved": "https://registry.npmjs.org/@bsv/sdk/-/sdk-1.4.1.tgz",
      "integrity": "sha512-CGUqsdd04SGfA//B640fEkbsuM66ej08c5yL54epGMrUbxx3gmVflSjEK+LZQt5b7tYvp9iNYfxV1SaH3TwU+w==",
      "license": "SEE LICENSE IN LICENSE.txt"
    }
  }
}
